{
  "lib/forge-std": {
    "tag": {
      "name": "v1.9.1",
      "rev": "07263d193d621c4b2b0ce8b4d54af58f6957d97d"
    }
  },
  "lib/openzeppelin-contracts": {
    "tag": {
      "name": "v5.1.0",
      "rev": "69c8def5f222ff96f2b5beff05dfba996368aa79"
    }
  },
  "lib/openzeppelin-contracts-upgradeable": {
    "rev": "aa677e9d28ed78fc427ec47ba2baef2030c58e7c"
  }
}